
Microsoft Visual Studio Solution File, Format Version 12.00
# Visual Studio Version 16
VisualStudioVersion = 16.0.31702.278
MinimumVisualStudioVersion = 10.0.40219.1
Project("{FAE04EC0-301F-11D3-BF4B-00C04F79EFBC}") = "CRUDOperations", "CRUDOperations.csproj", "{B775859F-D6B2-4CB5-BCE3-6F5BB66279B4}"
EndProject
Global
	GlobalSection(SolutionConfigurationPlatforms) = preSolution
		Debug|Any CPU = Debug|Any CPU
		Release|Any CPU = Release|Any CPU
	EndGlobalSection
	GlobalSection(ProjectConfigurationPlatforms) = postSolution
		{B775859F-D6B2-4CB5-BCE3-6F5BB66279B4}.Debug|Any CPU.ActiveCfg = Debug|Any CPU
		{B775859F-D6B2-4CB5-BCE3-6F5BB66279B4}.Debug|Any CPU.Build.0 = Debug|Any CPU
		{B775859F-D6B2-4CB5-BCE3-6F5BB66279B4}.Release|Any CPU.ActiveCfg = Release|Any CPU
		{B775859F-D6B2-4CB5-BCE3-6F5BB66279B4}.Release|Any CPU.Build.0 = Release|Any CPU
	EndGlobalSection
	GlobalSection(SolutionProperties) = preSolution
		HideSolutionNode = FALSE
	EndGlobalSection
	GlobalSection(ExtensibilityGlobals) = postSolution
		SolutionGuid = {504D0C12-1A80-48EA-B374-97ED783752E4}
	EndGlobalSection
EndGlobal
